
Microsoft Visual Studio Solution File, Format Version 12.00
# Visual Studio Version 17
VisualStudioVersion = 17.10.35013.160
MinimumVisualStudioVersion = 10.0.40219.1
Project("{FAE04EC0-301F-11D3-BF4B-00C04F79EFBC}") = "PrototipoVW", "PrototipoVW\PrototipoVW.csproj", "{5F8C3D8F-7E0D-478C-9D7E-2B71B469F571}"
EndProject
Project("{FAE04EC0-301F-11D3-BF4B-00C04F79EFBC}") = "PrototipoVWApi", "PrototipoVWApi\PrototipoVWApi.csproj", "{6F80BC05-2161-401A-B694-712C9A4A7020}"
EndProject
Global
	GlobalSection(SolutionConfigurationPlatforms) = preSolution
		Debug|Any CPU = Debug|Any CPU
		Release|Any CPU = Release|Any CPU
	EndGlobalSection
	GlobalSection(ProjectConfigurationPlatforms) = postSolution
		{5F8C3D8F-7E0D-478C-9D7E-2B71B469F571}.Debug|Any CPU.ActiveCfg = Debug|Any CPU
		{5F8C3D8F-7E0D-478C-9D7E-2B71B469F571}.Debug|Any CPU.Build.0 = Debug|Any CPU
		{5F8C3D8F-7E0D-478C-9D7E-2B71B469F571}.Release|Any CPU.ActiveCfg = Release|Any CPU
		{5F8C3D8F-7E0D-478C-9D7E-2B71B469F571}.Release|Any CPU.Build.0 = Release|Any CPU
		{6F80BC05-2161-401A-B694-712C9A4A7020}.Debug|Any CPU.ActiveCfg = Debug|Any CPU
		{6F80BC05-2161-401A-B694-712C9A4A7020}.Debug|Any CPU.Build.0 = Debug|Any CPU
		{6F80BC05-2161-401A-B694-712C9A4A7020}.Release|Any CPU.ActiveCfg = Release|Any CPU
		{6F80BC05-2161-401A-B694-712C9A4A7020}.Release|Any CPU.Build.0 = Release|Any CPU
	EndGlobalSection
	GlobalSection(SolutionProperties) = preSolution
		HideSolutionNode = FALSE
	EndGlobalSection
	GlobalSection(ExtensibilityGlobals) = postSolution
		SolutionGuid = {DDC5B90F-D2C1-40A3-9CD2-9027A8DE3DB3}
	EndGlobalSection
EndGlobal
